
Microsoft Visual Studio Solution File, Format Version 12.00
# Visual Studio Version 17
VisualStudioVersion = 17.0.31903.59
MinimumVisualStudioVersion = 10.0.40219.1
Project("{FAE04EC0-301F-11D3-BF4B-00C04F79EFBC}") = "API", "API\API.csproj", "{D7DDDFEB-02DA-4442-9305-56A4EA2BE9CB}"
EndProject
Project("{FAE04EC0-301F-11D3-BF4B-00C04F79EFBC}") = "Application", "Application\Application.csproj", "{81DB4CE5-8514-4AC8-90D6-BDE15A3266D5}"
EndProject
Project("{FAE04EC0-301F-11D3-BF4B-00C04F79EFBC}") = "Domain", "Domain\Domain.csproj", "{45C2E7D5-9CB1-4CA1-8923-E9FD14CCCF91}"
EndProject
Project("{FAE04EC0-301F-11D3-BF4B-00C04F79EFBC}") = "Persistence", "Persistence\Persistence.csproj", "{8D3EEDD3-A885-425E-B508-177548FDADD3}"
EndProject
Global
	GlobalSection(SolutionConfigurationPlatforms) = preSolution
		Debug|Any CPU = Debug|Any CPU
		Release|Any CPU = Release|Any CPU
	EndGlobalSection
	GlobalSection(SolutionProperties) = preSolution
		HideSolutionNode = FALSE
	EndGlobalSection
	GlobalSection(ProjectConfigurationPlatforms) = postSolution
		{D7DDDFEB-02DA-4442-9305-56A4EA2BE9CB}.Debug|Any CPU.ActiveCfg = Debug|Any CPU
		{D7DDDFEB-02DA-4442-9305-56A4EA2BE9CB}.Debug|Any CPU.Build.0 = Debug|Any CPU
		{D7DDDFEB-02DA-4442-9305-56A4EA2BE9CB}.Release|Any CPU.ActiveCfg = Release|Any CPU
		{D7DDDFEB-02DA-4442-9305-56A4EA2BE9CB}.Release|Any CPU.Build.0 = Release|Any CPU
		{81DB4CE5-8514-4AC8-90D6-BDE15A3266D5}.Debug|Any CPU.ActiveCfg = Debug|Any CPU
		{81DB4CE5-8514-4AC8-90D6-BDE15A3266D5}.Debug|Any CPU.Build.0 = Debug|Any CPU
		{81DB4CE5-8514-4AC8-90D6-BDE15A3266D5}.Release|Any CPU.ActiveCfg = Release|Any CPU
		{81DB4CE5-8514-4AC8-90D6-BDE15A3266D5}.Release|Any CPU.Build.0 = Release|Any CPU
		{45C2E7D5-9CB1-4CA1-8923-E9FD14CCCF91}.Debug|Any CPU.ActiveCfg = Debug|Any CPU
		{45C2E7D5-9CB1-4CA1-8923-E9FD14CCCF91}.Debug|Any CPU.Build.0 = Debug|Any CPU
		{45C2E7D5-9CB1-4CA1-8923-E9FD14CCCF91}.Release|Any CPU.ActiveCfg = Release|Any CPU
		{45C2E7D5-9CB1-4CA1-8923-E9FD14CCCF91}.Release|Any CPU.Build.0 = Release|Any CPU
		{8D3EEDD3-A885-425E-B508-177548FDADD3}.Debug|Any CPU.ActiveCfg = Debug|Any CPU
		{8D3EEDD3-A885-425E-B508-177548FDADD3}.Debug|Any CPU.Build.0 = Debug|Any CPU
		{8D3EEDD3-A885-425E-B508-177548FDADD3}.Release|Any CPU.ActiveCfg = Release|Any CPU
		{8D3EEDD3-A885-425E-B508-177548FDADD3}.Release|Any CPU.Build.0 = Release|Any CPU
	EndGlobalSection
EndGlobal
